
Microsoft Visual Studio Solution File, Format Version 12.00
# Visual Studio Version 17
VisualStudioVersion = 17.4.33213.308
MinimumVisualStudioVersion = 10.0.40219.1
Project("{FAE04EC0-301F-11D3-BF4B-00C04F79EFBC}") = "ScheduleApp", "ScheduleApp\ScheduleApp.csproj", "{66FEB405-A3D4-4579-9F7F-188A5575989D}"
EndProject
Project("{FAE04EC0-301F-11D3-BF4B-00C04F79EFBC}") = "Domain", "Domain\Domain.csproj", "{E4BF980A-3191-441C-A41A-D3DBA53DE869}"
EndProject
Project("{FAE04EC0-301F-11D3-BF4B-00C04F79EFBC}") = "Infrastructure", "Infrastructure\Infrastructure.csproj", "{5873F835-5B0A-4C2E-9ECB-99B3C8AA9723}"
EndProject
Global
	GlobalSection(SolutionConfigurationPlatforms) = preSolution
		Debug|Any CPU = Debug|Any CPU
		Release|Any CPU = Release|Any CPU
	EndGlobalSection
	GlobalSection(ProjectConfigurationPlatforms) = postSolution
		{66FEB405-A3D4-4579-9F7F-188A5575989D}.Debug|Any CPU.ActiveCfg = Debug|Any CPU
		{66FEB405-A3D4-4579-9F7F-188A5575989D}.Debug|Any CPU.Build.0 = Debug|Any CPU
		{66FEB405-A3D4-4579-9F7F-188A5575989D}.Release|Any CPU.ActiveCfg = Release|Any CPU
		{66FEB405-A3D4-4579-9F7F-188A5575989D}.Release|Any CPU.Build.0 = Release|Any CPU
		{E4BF980A-3191-441C-A41A-D3DBA53DE869}.Debug|Any CPU.ActiveCfg = Debug|Any CPU
		{E4BF980A-3191-441C-A41A-D3DBA53DE869}.Debug|Any CPU.Build.0 = Debug|Any CPU
		{E4BF980A-3191-441C-A41A-D3DBA53DE869}.Release|Any CPU.ActiveCfg = Release|Any CPU
		{E4BF980A-3191-441C-A41A-D3DBA53DE869}.Release|Any CPU.Build.0 = Release|Any CPU
		{5873F835-5B0A-4C2E-9ECB-99B3C8AA9723}.Debug|Any CPU.ActiveCfg = Debug|Any CPU
		{5873F835-5B0A-4C2E-9ECB-99B3C8AA9723}.Debug|Any CPU.Build.0 = Debug|Any CPU
		{5873F835-5B0A-4C2E-9ECB-99B3C8AA9723}.Release|Any CPU.ActiveCfg = Release|Any CPU
		{5873F835-5B0A-4C2E-9ECB-99B3C8AA9723}.Release|Any CPU.Build.0 = Release|Any CPU
	EndGlobalSection
	GlobalSection(SolutionProperties) = preSolution
		HideSolutionNode = FALSE
	EndGlobalSection
	GlobalSection(ExtensibilityGlobals) = postSolution
		SolutionGuid = {C10D4C84-B2D1-4157-9F27-EF6647DCE062}
	EndGlobalSection
EndGlobal
